hash: a1fc1a9ca09d598b52a32e27331e24096b0dd69b13e5ba9fcb3b90be36755d41
updated: 2016-10-11T14:37:40.753278074+01:00
imports:
- name: github.com/fident/proto
  version: 0637a7d9a28688d2b48e33a542d9f34d730a0355
  repo: https://github.com/fident/proto.git
  vcs: git
- name: github.com/golang/protobuf
  version: df1d3ca07d2d07bba352d5b73c4313b4e2a6203e
  subpackages:
  - proto
- name: golang.org/x/net
  version: cf4effbb9db1f3ef07f7e1891402991b6afbb276
  subpackages:
  - context
  - http2
  - trace
  - http2/hpack
  - idna
  - lex/httplex
  - internal/timeseries
- name: google.golang.org/grpc
  version: 72d072e4c18c02bfe6c98fc661a4df74da546145
  subpackages:
  - codes
  - credentials
  - grpclog
  - internal
  - metadata
  - naming
  - transport
  - peer
testImports: []
